
Microsoft Visual Studio Solution File, Format Version 12.00
# Visual Studio Version 17
VisualStudioVersion = 17.3.32901.215
MinimumVisualStudioVersion = 10.0.40219.1
Project("{FAE04EC0-301F-11D3-BF4B-00C04F79EFBC}") = "Practice problem Day 3B", "Practice problem Day 3B\Practice problem Day 3B.csproj", "{A929822E-1251-4D08-9330-3DEEE5F97125}"
EndProject
Global
	GlobalSection(SolutionConfigurationPlatforms) = preSolution
		Debug|Any CPU = Debug|Any CPU
		Release|Any CPU = Release|Any CPU
	EndGlobalSection
	GlobalSection(ProjectConfigurationPlatforms) = postSolution
		{A929822E-1251-4D08-9330-3DEEE5F97125}.Debug|Any CPU.ActiveCfg = Debug|Any CPU
		{A929822E-1251-4D08-9330-3DEEE5F97125}.Debug|Any CPU.Build.0 = Debug|Any CPU
		{A929822E-1251-4D08-9330-3DEEE5F97125}.Release|Any CPU.ActiveCfg = Release|Any CPU
		{A929822E-1251-4D08-9330-3DEEE5F97125}.Release|Any CPU.Build.0 = Release|Any CPU
	EndGlobalSection
	GlobalSection(SolutionProperties) = preSolution
		HideSolutionNode = FALSE
	EndGlobalSection
	GlobalSection(ExtensibilityGlobals) = postSolution
		SolutionGuid = {4E0163EA-DB6D-4802-993D-CAEF3B042044}
	EndGlobalSection
EndGlobal
